
Microsoft Visual Studio Solution File, Format Version 12.00
# Visual Studio Version 17
VisualStudioVersion = 17.8.34309.116
MinimumVisualStudioVersion = 10.0.40219.1
Project("{FAE04EC0-301F-11D3-BF4B-00C04F79EFBC}") = "PDF-incom", "PDF-incom\PDF-incom.csproj", "{94058741-0E42-42F3-886C-80D1ABA6913B}"
EndProject
Global
	GlobalSection(SolutionConfigurationPlatforms) = preSolution
		Debug|Any CPU = Debug|Any CPU
		Release|Any CPU = Release|Any CPU
	EndGlobalSection
	GlobalSection(ProjectConfigurationPlatforms) = postSolution
		{94058741-0E42-42F3-886C-80D1ABA6913B}.Debug|Any CPU.ActiveCfg = Debug|Any CPU
		{94058741-0E42-42F3-886C-80D1ABA6913B}.Debug|Any CPU.Build.0 = Debug|Any CPU
		{94058741-0E42-42F3-886C-80D1ABA6913B}.Release|Any CPU.ActiveCfg = Release|Any CPU
		{94058741-0E42-42F3-886C-80D1ABA6913B}.Release|Any CPU.Build.0 = Release|Any CPU
	EndGlobalSection
	GlobalSection(SolutionProperties) = preSolution
		HideSolutionNode = FALSE
	EndGlobalSection
	GlobalSection(ExtensibilityGlobals) = postSolution
		SolutionGuid = {CFD18CE5-41CD-43E4-AC48-B954F51BCE3C}
	EndGlobalSection
EndGlobal
